// !$*UTF8*$!
{
	archiveVersion = 1;
	classes = {
	};
	objectVersion = 55;
	objects = {

/* Begin PBXBuildFile section */
		2836F254272F058D00D8B894 /* Haptic.swift in Sources */ = {isa = PBXBuildFile; fileRef = 2836F253272F058D00D8B894 /* Haptic.swift */; };
		2836F2562733DB2600D8B894 /* AlertMessage.swift in Sources */ = {isa = PBXBuildFile; fileRef = 2836F2552733DB2600D8B894 /* AlertMessage.swift */; };
		28AF07F7271B7A090008121D /* CarFinderApp.swift in Sources */ = {isa = PBXBuildFile; fileRef = 28AF07F6271B7A090008121D /* CarFinderApp.swift */; };
		28AF07F9271B7A090008121D /* ContentView.swift in Sources */ = {isa = PBXBuildFile; fileRef = 28AF07F8271B7A090008121D /* ContentView.swift */; };
		28AF07FB271B7A0A0008121D /* Assets.xcassets in Resources */ = {isa = PBXBuildFile; fileRef = 28AF07FA271B7A0A0008121D /* Assets.xcassets */; };
		28AF07FE271B7A0A0008121D /* Preview Assets.xcassets in Resources */ = {isa = PBXBuildFile; fileRef = 28AF07FD271B7A0A0008121D /* Preview Assets.xcassets */; };
		28AF0800271B7A0A0008121D /* Persistence.swift in Sources */ = {isa = PBXBuildFile; fileRef = 28AF07FF271B7A0A0008121D /* Persistence.swift */; };
		28AF0803271B7A0A0008121D /* CarFinder.xcdatamodeld in Sources */ = {isa = PBXBuildFile; fileRef = 28AF0801271B7A0A0008121D /* CarFinder.xcdatamodeld */; };
		28CD3712273EF42A00EE2C6E /* AppInfoEntity.swift in Sources */ = {isa = PBXBuildFile; fileRef = 28CD3711273EF42A00EE2C6E /* AppInfoEntity.swift */; };
		28CD371427410A4F00EE2C6E /* LaunchScreen.storyboard in Resources */ = {isa = PBXBuildFile; fileRef = 28CD371327410A4F00EE2C6E /* LaunchScreen.storyboard */; };
		28D28882271B82C70039CB72 /* ParkingSpotEntity.swift in Sources */ = {isa = PBXBuildFile; fileRef = 28D28881271B82C70039CB72 /* ParkingSpotEntity.swift */; };
		28D28884271B8E920039CB72 /* Map_ViewModel.swift in Sources */ = {isa = PBXBuildFile; fileRef = 28D28883271B8E920039CB72 /* Map_ViewModel.swift */; };
		28D28886271CB8630039CB72 /* Map_Model.swift in Sources */ = {isa = PBXBuildFile; fileRef = 28D28885271CB8630039CB72 /* Map_Model.swift */; };
		28D28888271F51790039CB72 /* MapView.swift in Sources */ = {isa = PBXBuildFile; fileRef = 28D28887271F51790039CB72 /* MapView.swift */; };
/* End PBXBuildFile section */

/* Begin PBXFileReference section */
		2836F253272F058D00D8B894 /* Haptic.swift */ = {isa = PBXFileReference; lastKnownFileType = sourcecode.swift; path = Haptic.swift; sourceTree = "<group>"; };
		2836F2552733DB2600D8B894 /* AlertMessage.swift */ = {isa = PBXFileReference; lastKnownFileType = sourcecode.swift; path = AlertMessage.swift; sourceTree = "<group>"; };
		28AF07F3271B7A090008121D /* CarFinder.app */ = {isa = PBXFileReference; explicitFileType = wrapper.application; includeInIndex = 0; path = CarFinder.app; sourceTree = BUILT_PRODUCTS_DIR; };
		28AF07F6271B7A090008121D /* CarFinderApp.swift */ = {isa = PBXFileReference; lastKnownFileType = sourcecode.swift; path = CarFinderApp.swift; sourceTree = "<group>"; };
		28AF07F8271B7A090008121D /* ContentView.swift */ = {isa = PBXFileReference; lastKnownFileType = sourcecode.swift; path = ContentView.swift; sourceTree = "<group>"; };
		28AF07FA271B7A0A0008121D /* Assets.xcassets */ = {isa = PBXFileReference; lastKnownFileType = folder.assetcatalog; path = Assets.xcassets; sourceTree = "<group>"; };
		28AF07FD271B7A0A0008121D /* Preview Assets.xcassets */ = {isa = PBXFileReference; lastKnownFileType = folder.assetcatalog; path = "Preview Assets.xcassets"; sourceTree = "<group>"; };
		28AF07FF271B7A0A0008121D /* Persistence.swift */ = {isa = PBXFileReference; lastKnownFileType = sourcecode.swift; path = Persistence.swift; sourceTree = "<group>"; };
		28AF0802271B7A0A0008121D /* CarFinder.xcdatamodel */ = {isa = PBXFileReference; lastKnownFileType = wrapper.xcdatamodel; path = CarFinder.xcdatamodel; sourceTree = "<group>"; };
		28CD3711273EF42A00EE2C6E /* AppInfoEntity.swift */ = {isa = PBXFileReference; lastKnownFileType = sourcecode.swift; path = AppInfoEntity.swift; sourceTree = "<group>"; };
		28CD371327410A4F00EE2C6E /* LaunchScreen.storyboard */ = {isa = PBXFileReference; lastKnownFileType = file.storyboard; path = LaunchScreen.storyboard; sourceTree = "<group>"; };
		28CD371527410BE900EE2C6E /* Info.plist */ = {isa = PBXFileReference; lastKnownFileType = text.plist; path = Info.plist; sourceTree = "<group>"; };
		28D28881271B82C70039CB72 /* ParkingSpotEntity.swift */ = {isa = PBXFileReference; lastKnownFileType = sourcecode.swift; path = ParkingSpotEntity.swift; sourceTree = "<group>"; };
		28D28883271B8E920039CB72 /* Map_ViewModel.swift */ = {isa = PBXFileReference; lastKnownFileType = sourcecode.swift; path = Map_ViewModel.swift; sourceTree = "<group>"; };
		28D28885271CB8630039CB72 /* Map_Model.swift */ = {isa = PBXFileReference; lastKnownFileType = sourcecode.swift; path = Map_Model.swift; sourceTree = "<group>"; };
		28D28887271F51790039CB72 /* MapView.swift */ = {isa = PBXFileReference; lastKnownFileType = sourcecode.swift; path = MapView.swift; sourceTree = "<group>"; };
/* End PBXFileReference section */

/* Begin PBXFrameworksBuildPhase section */
		28AF07F0271B7A090008121D /* Frameworks */ = {
			isa = PBXFrameworksBuildPhase;
			buildActionMask = 2147483647;
			files = (
			);
			runOnlyForDeploymentPostprocessing = 0;
		};
/* End PBXFrameworksBuildPhase section */

/* Begin PBXGroup section */
		28AF07EA271B7A090008121D = {
			isa = PBXGroup;
			children = (
				28AF07F5271B7A090008121D /* CarFinder */,
				28AF07F4271B7A090008121D /* Products */,
			);
			sourceTree = "<group>";
		};
		28AF07F4271B7A090008121D /* Products */ = {
			isa = PBXGroup;
			children = (
				28AF07F3271B7A090008121D /* CarFinder.app */,
			);
			name = Products;
			sourceTree = "<group>";
		};
		28AF07F5271B7A090008121D /* CarFinder */ = {
			isa = PBXGroup;
			children = (
				28CD371527410BE900EE2C6E /* Info.plist */,
				28AF07F6271B7A090008121D /* CarFinderApp.swift */,
				28D2887E271B80620039CB72 /* Model */,
				28D2887F271B806D0039CB72 /* ViewModels */,
				28D28880271B80790039CB72 /* Views */,
				28AF07FA271B7A0A0008121D /* Assets.xcassets */,
				28AF07FF271B7A0A0008121D /* Persistence.swift */,
				28AF0801271B7A0A0008121D /* CarFinder.xcdatamodeld */,
				28AF07FC271B7A0A0008121D /* Preview Content */,
				2836F253272F058D00D8B894 /* Haptic.swift */,
				2836F2552733DB2600D8B894 /* AlertMessage.swift */,
				28CD371327410A4F00EE2C6E /* LaunchScreen.storyboard */,
			);
			path = CarFinder;
			sourceTree = "<group>";
		};
		28AF07FC271B7A0A0008121D /* Preview Content */ = {
			isa = PBXGroup;
			children = (
				28AF07FD271B7A0A0008121D /* Preview Assets.xcassets */,
			);
			path = "Preview Content";
			sourceTree = "<group>";
		};
		28D2887E271B80620039CB72 /* Model */ = {
			isa = PBXGroup;
			children = (
				28D28885271CB8630039CB72 /* Map_Model.swift */,
			);
			path = Model;
			sourceTree = "<group>";
		};
		28D2887F271B806D0039CB72 /* ViewModels */ = {
			isa = PBXGroup;
			children = (
				28D28881271B82C70039CB72 /* ParkingSpotEntity.swift */,
				28D28883271B8E920039CB72 /* Map_ViewModel.swift */,
				28CD3711273EF42A00EE2C6E /* AppInfoEntity.swift */,
			);
			path = ViewModels;
			sourceTree = "<group>";
		};
		28D28880271B80790039CB72 /* Views */ = {
			isa = PBXGroup;
			children = (
				28AF07F8271B7A090008121D /* ContentView.swift */,
				28D28887271F51790039CB72 /* MapView.swift */,
			);
			path = Views;
			sourceTree = "<group>";
		};
/* End PBXGroup section */

/* Begin PBXNativeTarget section */
		28AF07F2271B7A090008121D /* CarFinder */ = {
			isa = PBXNativeTarget;
			buildConfigurationList = 28AF0806271B7A0A0008121D /* Build configuration list for PBXNativeTarget "CarFinder" */;
			buildPhases = (
				28AF07EF271B7A090008121D /* Sources */,
				28AF07F0271B7A090008121D /* Frameworks */,
				28AF07F1271B7A090008121D /* Resources */,
			);
			buildRules = (
			);
			dependencies = (
			);
			name = CarFinder;
			productName = CarFinder;
			productReference = 28AF07F3271B7A090008121D /* CarFinder.app */;
			productType = "com.apple.product-type.application";
		};
/* End PBXNativeTarget section */

/* Begin PBXProject section */
		28AF07EB271B7A090008121D /* Project object */ = {
			isa = PBXProject;
			attributes = {
				BuildIndependentTargetsInParallel = 1;
				LastSwiftUpdateCheck = 1300;
				LastUpgradeCheck = 1300;
				TargetAttributes = {
					28AF07F2271B7A090008121D = {
						CreatedOnToolsVersion = 13.0;
					};
				};
			};
			buildConfigurationList = 28AF07EE271B7A090008121D /* Build configuration list for PBXProject "CarFinder" */;
			compatibilityVersion = "Xcode 13.0";
			developmentRegion = en;
			hasScannedForEncodings = 0;
			knownRegions = (
				en,
				Base,
			);
			mainGroup = 28AF07EA271B7A090008121D;
			productRefGroup = 28AF07F4271B7A090008121D /* Products */;
			projectDirPath = "";
			projectRoot = "";
			targets = (
				28AF07F2271B7A090008121D /* CarFinder */,
			);
		};
/* End PBXProject section */

/* Begin PBXResourcesBuildPhase section */
		28AF07F1271B7A090008121D /* Resources */ = {
			isa = PBXResourcesBuildPhase;
			buildActionMask = 2147483647;
			files = (
				28CD371427410A4F00EE2C6E /* LaunchScreen.storyboard in Resources */,
				28AF07FE271B7A0A0008121D /* Preview Assets.xcassets in Resources */,
				28AF07FB271B7A0A0008121D /* Assets.xcassets in Resources */,
			);
			runOnlyForDeploymentPostprocessing = 0;
		};
/* End PBXResourcesBuildPhase section */

/* Begin PBXSourcesBuildPhase section */
		28AF07EF271B7A090008121D /* Sources */ = {
			isa = PBXSourcesBuildPhase;
			buildActionMask = 2147483647;
			files = (
				28D28882271B82C70039CB72 /* ParkingSpotEntity.swift in Sources */,
				28D28888271F51790039CB72 /* MapView.swift in Sources */,
				28AF0803271B7A0A0008121D /* CarFinder.xcdatamodeld in Sources */,
				2836F254272F058D00D8B894 /* Haptic.swift in Sources */,
				28CD3712273EF42A00EE2C6E /* AppInfoEntity.swift in Sources */,
				28AF0800271B7A0A0008121D /* Persistence.swift in Sources */,
				28AF07F9271B7A090008121D /* ContentView.swift in Sources */,
				2836F2562733DB2600D8B894 /* AlertMessage.swift in Sources */,
				28D28886271CB8630039CB72 /* Map_Model.swift in Sources */,
				28AF07F7271B7A090008121D /* CarFinderApp.swift in Sources */,
				28D28884271B8E920039CB72 /* Map_ViewModel.swift in Sources */,
			);
			runOnlyForDeploymentPostprocessing = 0;
		};
/* End PBXSourcesBuildPhase section */

/* Begin XCBuildConfiguration section */
		28AF0804271B7A0A0008121D /* Debug */ = {
			isa = XCBuildConfiguration;
			buildSettings = {
				ALWAYS_SEARCH_USER_PATHS = NO;
				CLANG_ANALYZER_NONNULL = YES;
				CLANG_ANALYZER_NUMBER_OBJECT_CONVERSION = YES_AGGRESSIVE;
				CLANG_CXX_LANGUAGE_STANDARD = "gnu++17";
				CLANG_CXX_LIBRARY = "libc++";
				CLANG_ENABLE_MODULES = YES;
				CLANG_ENABLE_OBJC_ARC = YES;
				CLANG_ENABLE_OBJC_WEAK = YES;
				CLANG_WARN_BLOCK_CAPTURE_AUTORELEASING = YES;
				CLANG_WARN_BOOL_CONVERSION = YES;
				CLANG_WARN_COMMA = YES;
				CLANG_WARN_CONSTANT_CONVERSION = YES;
				CLANG_WARN_DEPRECATED_OBJC_IMPLEMENTATIONS = YES;
				CLANG_WARN_DIRECT_OBJC_ISA_USAGE = YES_ERROR;
				CLANG_WARN_DOCUMENTATION_COMMENTS = YES;
				CLANG_WARN_EMPTY_BODY = YES;
				CLANG_WARN_ENUM_CONVERSION = YES;
				CLANG_WARN_INFINITE_RECURSION = YES;
				CLANG_WARN_INT_CONVERSION = YES;
				CLANG_WARN_NON_LITERAL_NULL_CONVERSION = YES;
				CLANG_WARN_OBJC_IMPLICIT_RETAIN_SELF = YES;
				CLANG_WARN_OBJC_LITERAL_CONVERSION = YES;
				CLANG_WARN_OBJC_ROOT_CLASS = YES_ERROR;
				CLANG_WARN_QUOTED_INCLUDE_IN_FRAMEWORK_HEADER = YES;
				CLANG_WARN_RANGE_LOOP_ANALYSIS = YES;
				CLANG_WARN_STRICT_PROTOTYPES = YES;
				CLANG_WARN_SUSPICIOUS_MOVE = YES;
				CLANG_WARN_UNGUARDED_AVAILABILITY = YES_AGGRESSIVE;
				CLANG_WARN_UNREACHABLE_CODE = YES;
				CLANG_WARN__DUPLICATE_METHOD_MATCH = YES;
				COPY_PHASE_STRIP = NO;
				DEBUG_INFORMATION_FORMAT = dwarf;
				ENABLE_STRICT_OBJC_MSGSEND = YES;
				ENABLE_TESTABILITY = YES;
				GCC_C_LANGUAGE_STANDARD = gnu11;
				GCC_DYNAMIC_NO_PIC = NO;
				GCC_NO_COMMON_BLOCKS = YES;
				GCC_OPTIMIZATION_LEVEL = 0;
				GCC_PREPROCESSOR_DEFINITIONS = (
					"DEBUG=1",
					"$(inherited)",
				);
				GCC_WARN_64_TO_32_BIT_CONVERSION = YES;
				GCC_WARN_ABOUT_RETURN_TYPE = YES_ERROR;
				GCC_WARN_UNDECLARED_SELECTOR = YES;
				GCC_WARN_UNINITIALIZED_AUTOS = YES_AGGRESSIVE;
				GCC_WARN_UNUSED_FUNCTION = YES;
				GCC_WARN_UNUSED_VARIABLE = YES;
				IPHONEOS_DEPLOYMENT_TARGET = 15.0;
				MTL_ENABLE_DEBUG_INFO = INCLUDE_SOURCE;
				MTL_FAST_MATH = YES;
				ONLY_ACTIVE_ARCH = YES;
				SDKROOT = iphoneos;
				SWIFT_ACTIVE_COMPILATION_CONDITIONS = DEBUG;
				SWIFT_OPTIMIZATION_LEVEL = "-Onone";
			};
			name = Debug;
		};
		28AF0805271B7A0A0008121D /* Release */ = {
			isa = XCBuildConfiguration;
			buildSettings = {
				ALWAYS_SEARCH_USER_PATHS = NO;
				CLANG_ANALYZER_NONNULL = YES;
				CLANG_ANALYZER_NUMBER_OBJECT_CONVERSION = YES_AGGRESSIVE;
				CLANG_CXX_LANGUAGE_STANDARD = "gnu++17";
				CLANG_CXX_LIBRARY = "libc++";
				CLANG_ENABLE_MODULES = YES;
				CLANG_ENABLE_OBJC_ARC = YES;
				CLANG_ENABLE_OBJC_WEAK = YES;
				CLANG_WARN_BLOCK_CAPTURE_AUTORELEASING = YES;
				CLANG_WARN_BOOL_CONVERSION = YES;
				CLANG_WARN_COMMA = YES;
				CLANG_WARN_CONSTANT_CONVERSION = YES;
				CLANG_WARN_DEPRECATED_OBJC_IMPLEMENTATIONS = YES;
				CLANG_WARN_DIRECT_OBJC_ISA_USAGE = YES_ERROR;
				CLANG_WARN_DOCUMENTATION_COMMENTS = YES;
				CLANG_WARN_EMPTY_BODY = YES;
				CLANG_WARN_ENUM_CONVERSION = YES;
				CLANG_WARN_INFINITE_RECURSION = YES;
				CLANG_WARN_INT_CONVERSION = YES;
				CLANG_WARN_NON_LITERAL_NULL_CONVERSION = YES;
				CLANG_WARN_OBJC_IMPLICIT_RETAIN_SELF = YES;
				CLANG_WARN_OBJC_LITERAL_CONVERSION = YES;
				CLANG_WARN_OBJC_ROOT_CLASS = YES_ERROR;
				CLANG_WARN_QUOTED_INCLUDE_IN_FRAMEWORK_HEADER = YES;
				CLANG_WARN_RANGE_LOOP_ANALYSIS = YES;
				CLANG_WARN_STRICT_PROTOTYPES = YES;
				CLANG_WARN_SUSPICIOUS_MOVE = YES;
				CLANG_WARN_UNGUARDED_AVAILABILITY = YES_AGGRESSIVE;
				CLANG_WARN_UNREACHABLE_CODE = YES;
				CLANG_WARN__DUPLICATE_METHOD_MATCH = YES;
				COPY_PHASE_STRIP = NO;
				DEBUG_INFORMATION_FORMAT = "dwarf-with-dsym";
				ENABLE_NS_ASSERTIONS = NO;
				ENABLE_STRICT_OBJC_MSGSEND = YES;
				GCC_C_LANGUAGE_STANDARD = gnu11;
				GCC_NO_COMMON_BLOCKS = YES;
				GCC_WARN_64_TO_32_BIT_CONVERSION = YES;
				GCC_WARN_ABOUT_RETURN_TYPE = YES_ERROR;
				GCC_WARN_UNDECLARED_SELECTOR = YES;
				GCC_WARN_UNINITIALIZED_AUTOS = YES_AGGRESSIVE;
				GCC_WARN_UNUSED_FUNCTION = YES;
				GCC_WARN_UNUSED_VARIABLE = YES;
				IPHONEOS_DEPLOYMENT_TARGET = 15.0;
				MTL_ENABLE_DEBUG_INFO = NO;
				MTL_FAST_MATH = YES;
				SDKROOT = iphoneos;
				SWIFT_COMPILATION_MODE = wholemodule;
				SWIFT_OPTIMIZATION_LEVEL = "-O";
				VALIDATE_PRODUCT = YES;
			};
			name = Release;
		};
		28AF0807271B7A0A0008121D /* Debug */ = {
			isa = XCBuildConfiguration;
			buildSettings = {
				ASSETCATALOG_COMPILER_APPICON_NAME = AppIcon;
				ASSETCATALOG_COMPILER_GLOBAL_ACCENT_COLOR_NAME = AccentColor;
				CODE_SIGN_STYLE = Automatic;
				CURRENT_PROJECT_VERSION = 1;
				DEVELOPMENT_ASSET_PATHS = "\"CarFinder/Preview Content\"";
				DEVELOPMENT_TEAM = XXF7Y2ZTA7;
				ENABLE_PREVIEWS = YES;
				GENERATE_INFOPLIST_FILE = YES;
				INFOPLIST_FILE = CarFinder/Info.plist;
				INFOPLIST_KEY_NSLocationWhenInUseUsageDescription = "This app needs to know where you are to guide you back to your parking spot.";
				INFOPLIST_KEY_UIApplicationSceneManifest_Generation = YES;
				INFOPLIST_KEY_UIApplicationSupportsIndirectInputEvents = YES;
				INFOPLIST_KEY_UILaunchStoryboardName = LaunchScreen;
				INFOPLIST_KEY_UISupportedInterfaceOrientations_iPad = "UIInterfaceOrientationPortrait UIInterfaceOrientationPortraitUpsideDown UIInterfaceOrientationLandscapeLeft UIInterfaceOrientationLandscapeRight";
				INFOPLIST_KEY_UISupportedInterfaceOrientations_iPhone = "UIInterfaceOrientationPortrait UIInterfaceOrientationLandscapeLeft UIInterfaceOrientationLandscapeRight";
				IPHONEOS_DEPLOYMENT_TARGET = 14.0;
				LD_RUNPATH_SEARCH_PATHS = (
					"$(inherited)",
					"@executable_path/Frameworks",
				);
				MARKETING_VERSION = 1.0;
				PRODUCT_BUNDLE_IDENTIFIER = com.TinyPurpleGrapes.CarFinder;
				PRODUCT_NAME = "$(TARGET_NAME)";
				SWIFT_EMIT_LOC_STRINGS = YES;
				SWIFT_VERSION = 5.0;
				TARGETED_DEVICE_FAMILY = "1,2";
			};
			name = Debug;
		};
		28AF0808271B7A0A0008121D /* Release */ = {
			isa = XCBuildConfiguration;
			buildSettings = {
				ASSETCATALOG_COMPILER_APPICON_NAME = AppIcon;
				ASSETCATALOG_COMPILER_GLOBAL_ACCENT_COLOR_NAME = AccentColor;
				CODE_SIGN_STYLE = Automatic;
				CURRENT_PROJECT_VERSION = 1;
				DEVELOPMENT_ASSET_PATHS = "\"CarFinder/Preview Content\"";
				DEVELOPMENT_TEAM = XXF7Y2ZTA7;
				ENABLE_PREVIEWS = YES;
				GENERATE_INFOPLIST_FILE = YES;
				INFOPLIST_FILE = CarFinder/Info.plist;
				INFOPLIST_KEY_NSLocationWhenInUseUsageDescription = "This app needs to know where you are to guide you back to your parking spot.";
				INFOPLIST_KEY_UIApplicationSceneManifest_Generation = YES;
				INFOPLIST_KEY_UIApplicationSupportsIndirectInputEvents = YES;
				INFOPLIST_KEY_UILaunchStoryboardName = LaunchScreen;
				INFOPLIST_KEY_UISupportedInterfaceOrientations_iPad = "UIInterfaceOrientationPortrait UIInterfaceOrientationPortraitUpsideDown UIInterfaceOrientationLandscapeLeft UIInterfaceOrientationLandscapeRight";
				INFOPLIST_KEY_UISupportedInterfaceOrientations_iPhone = "UIInterfaceOrientationPortrait UIInterfaceOrientationLandscapeLeft UIInterfaceOrientationLandscapeRight";
				IPHONEOS_DEPLOYMENT_TARGET = 14.0;
				LD_RUNPATH_SEARCH_PATHS = (
					"$(inherited)",
					"@executable_path/Frameworks",
				);
				MARKETING_VERSION = 1.0;
				PRODUCT_BUNDLE_IDENTIFIER = com.TinyPurpleGrapes.CarFinder;
				PRODUCT_NAME = "$(TARGET_NAME)";
				SWIFT_EMIT_LOC_STRINGS = YES;
				SWIFT_VERSION = 5.0;
				TARGETED_DEVICE_FAMILY = "1,2";
			};
			name = Release;
		};
/* End XCBuildConfiguration section */

/* Begin XCConfigurationList section */
		28AF07EE271B7A090008121D /* Build configuration list for PBXProject "CarFinder" */ = {
			isa = XCConfigurationList;
			buildConfigurations = (
				28AF0804271B7A0A0008121D /* Debug */,
				28AF0805271B7A0A0008121D /* Release */,
			);
			defaultConfigurationIsVisible = 0;
			defaultConfigurationName = Release;
		};
		28AF0806271B7A0A0008121D /* Build configuration list for PBXNativeTarget "CarFinder" */ = {
			isa = XCConfigurationList;
			buildConfigurations = (
				28AF0807271B7A0A0008121D /* Debug */,
				28AF0808271B7A0A0008121D /* Release */,
			);
			defaultConfigurationIsVisible = 0;
			defaultConfigurationName = Release;
		};
/* End XCConfigurationList section */

/* Begin XCVersionGroup section */
		28AF0801271B7A0A0008121D /* CarFinder.xcdatamodeld */ = {
			isa = XCVersionGroup;
			children = (
				28AF0802271B7A0A0008121D /* CarFinder.xcdatamodel */,
			);
			currentVersion = 28AF0802271B7A0A0008121D /* CarFinder.xcdatamodel */;
			path = CarFinder.xcdatamodeld;
			sourceTree = "<group>";
			versionGroupType = wrapper.xcdatamodel;
		};
/* End XCVersionGroup section */
	};
	rootObject = 28AF07EB271B7A090008121D /* Project object */;
}
